
Microsoft Visual Studio Solution File, Format Version 12.00
# Visual Studio Version 16
VisualStudioVersion = 16.0.29920.165
MinimumVisualStudioVersion = 10.0.40219.1
Project("{9A19103F-16F7-4668-BE54-9A1E7A4F7556}") = "Pharmacy.Api", "Pharmacy\Pharmacy.Api.csproj", "{EA335B44-B0E7-408F-8552-A02DB8556580}"
EndProject
Project("{FAE04EC0-301F-11D3-BF4B-00C04F79EFBC}") = "Pharmacy.Infrastructure", "Pharmacy.Infrastructure\Pharmacy.Infrastructure.csproj", "{27BF7C64-BA2C-4AB0-B4FF-31A1BACC7832}"
EndProject
Project("{FAE04EC0-301F-11D3-BF4B-00C04F79EFBC}") = "Pharmacy.Application", "Pharmacy.Application\Pharmacy.Application.csproj", "{CFB41D7E-DAE4-4713-B8E1-D376A1AFD8C8}"
EndProject
Project("{FAE04EC0-301F-11D3-BF4B-00C04F79EFBC}") = "Pharmacy.Domain", "Pharmacy.Domain\Pharmacy.Domain.csproj", "{28CD0003-977A-4CF2-BED2-05EAF502570C}"
EndProject
Global
	GlobalSection(SolutionConfigurationPlatforms) = preSolution
		Debug|Any CPU = Debug|Any CPU
		Release|Any CPU = Release|Any CPU
	EndGlobalSection
	GlobalSection(ProjectConfigurationPlatforms) = postSolution
		{EA335B44-B0E7-408F-8552-A02DB8556580}.Debug|Any CPU.ActiveCfg = Debug|Any CPU
		{EA335B44-B0E7-408F-8552-A02DB8556580}.Debug|Any CPU.Build.0 = Debug|Any CPU
		{EA335B44-B0E7-408F-8552-A02DB8556580}.Release|Any CPU.ActiveCfg = Release|Any CPU
		{EA335B44-B0E7-408F-8552-A02DB8556580}.Release|Any CPU.Build.0 = Release|Any CPU
		{27BF7C64-BA2C-4AB0-B4FF-31A1BACC7832}.Debug|Any CPU.ActiveCfg = Debug|Any CPU
		{27BF7C64-BA2C-4AB0-B4FF-31A1BACC7832}.Debug|Any CPU.Build.0 = Debug|Any CPU
		{27BF7C64-BA2C-4AB0-B4FF-31A1BACC7832}.Release|Any CPU.ActiveCfg = Release|Any CPU
		{27BF7C64-BA2C-4AB0-B4FF-31A1BACC7832}.Release|Any CPU.Build.0 = Release|Any CPU
		{CFB41D7E-DAE4-4713-B8E1-D376A1AFD8C8}.Debug|Any CPU.ActiveCfg = Debug|Any CPU
		{CFB41D7E-DAE4-4713-B8E1-D376A1AFD8C8}.Debug|Any CPU.Build.0 = Debug|Any CPU
		{CFB41D7E-DAE4-4713-B8E1-D376A1AFD8C8}.Release|Any CPU.ActiveCfg = Release|Any CPU
		{CFB41D7E-DAE4-4713-B8E1-D376A1AFD8C8}.Release|Any CPU.Build.0 = Release|Any CPU
		{28CD0003-977A-4CF2-BED2-05EAF502570C}.Debug|Any CPU.ActiveCfg = Debug|Any CPU
		{28CD0003-977A-4CF2-BED2-05EAF502570C}.Debug|Any CPU.Build.0 = Debug|Any CPU
		{28CD0003-977A-4CF2-BED2-05EAF502570C}.Release|Any CPU.ActiveCfg = Release|Any CPU
		{28CD0003-977A-4CF2-BED2-05EAF502570C}.Release|Any CPU.Build.0 = Release|Any CPU
	EndGlobalSection
	GlobalSection(SolutionProperties) = preSolution
		HideSolutionNode = FALSE
	EndGlobalSection
	GlobalSection(ExtensibilityGlobals) = postSolution
		SolutionGuid = {0751D656-3694-4E31-812C-3C26E2FA24FA}
	EndGlobalSection
EndGlobal
